
Microsoft Visual Studio Solution File, Format Version 12.00
# Visual Studio Version 17
VisualStudioVersion = 17.13.35825.156 d17.13
MinimumVisualStudioVersion = 10.0.40219.1
Project("{FAE04EC0-301F-11D3-BF4B-00C04F79EFBC}") = "ToDoMinimalApi", "ToDoMinimalApi\ToDoMinimalApi.csproj", "{3ECC2761-70CB-4733-83FD-43EBF611B3D4}"
EndProject
Global
	GlobalSection(SolutionConfigurationPlatforms) = preSolution
		Debug|Any CPU = Debug|Any CPU
		Release|Any CPU = Release|Any CPU
	EndGlobalSection
	GlobalSection(ProjectConfigurationPlatforms) = postSolution
		{3ECC2761-70CB-4733-83FD-43EBF611B3D4}.Debug|Any CPU.ActiveCfg = Debug|Any CPU
		{3ECC2761-70CB-4733-83FD-43EBF611B3D4}.Debug|Any CPU.Build.0 = Debug|Any CPU
		{3ECC2761-70CB-4733-83FD-43EBF611B3D4}.Release|Any CPU.ActiveCfg = Release|Any CPU
		{3ECC2761-70CB-4733-83FD-43EBF611B3D4}.Release|Any CPU.Build.0 = Release|Any CPU
	EndGlobalSection
	GlobalSection(SolutionProperties) = preSolution
		HideSolutionNode = FALSE
	EndGlobalSection
	GlobalSection(ExtensibilityGlobals) = postSolution
		SolutionGuid = {02177854-72E6-4284-AB0B-8C9505293850}
	EndGlobalSection
EndGlobal
